// !$*UTF8*$!
{
	archiveVersion = 1;
	classes = {
	};
	objectVersion = 46;
	objects = {

/* Begin PBXBuildFile section */
		0DAB01303609EE1F122C2AEC /* libPods.a in Frameworks */ = {isa = PBXBuildFile; fileRef = 100A48D34F31B192A28B7B0D /* libPods.a */; };
		EC1CCF361A8A8C8B00134B10 /* MovieDetailsViewController.m in Sources */ = {isa = PBXBuildFile; fileRef = EC1CCF341A8A8C8B00134B10 /* MovieDetailsViewController.m */; };
		EC1CCF371A8A8C8B00134B10 /* MovieDetailsViewController.xib in Resources */ = {isa = PBXBuildFile; fileRef = EC1CCF351A8A8C8B00134B10 /* MovieDetailsViewController.xib */; };
		EC3DDA661A8AC19200E23E66 /* NetworkErrorView.xib in Resources */ = {isa = PBXBuildFile; fileRef = EC3DDA651A8AC19200E23E66 /* NetworkErrorView.xib */; };
		EC4882071A83EFD400F495BB /* main.m in Sources */ = {isa = PBXBuildFile; fileRef = EC4882061A83EFD400F495BB /* main.m */; };
		EC48820A1A83EFD400F495BB /* AppDelegate.m in Sources */ = {isa = PBXBuildFile; fileRef = EC4882091A83EFD400F495BB /* AppDelegate.m */; };
		EC4882121A83EFD400F495BB /* Images.xcassets in Resources */ = {isa = PBXBuildFile; fileRef = EC4882111A83EFD400F495BB /* Images.xcassets */; };
		EC4882151A83EFD400F495BB /* LaunchScreen.xib in Resources */ = {isa = PBXBuildFile; fileRef = EC4882131A83EFD400F495BB /* LaunchScreen.xib */; };
		EC4882211A83EFD400F495BB /* RottenTomatoes_ClientTests.m in Sources */ = {isa = PBXBuildFile; fileRef = EC4882201A83EFD400F495BB /* RottenTomatoes_ClientTests.m */; };
		EC48822D1A83F62C00F495BB /* PhotosViewController.m in Sources */ = {isa = PBXBuildFile; fileRef = EC48822B1A83F62C00F495BB /* PhotosViewController.m */; };
		EC48822E1A83F62C00F495BB /* PhotosViewController.xib in Resources */ = {isa = PBXBuildFile; fileRef = EC48822C1A83F62C00F495BB /* PhotosViewController.xib */; };
		EC4882321A83F95600F495BB /* ImageTableViewCell.m in Sources */ = {isa = PBXBuildFile; fileRef = EC4882301A83F95600F495BB /* ImageTableViewCell.m */; };
		EC4882331A83F95600F495BB /* ImageTableViewCell.xib in Resources */ = {isa = PBXBuildFile; fileRef = EC4882311A83F95600F495BB /* ImageTableViewCell.xib */; };
/* End PBXBuildFile section */

/* Begin PBXContainerItemProxy section */
		EC48821B1A83EFD400F495BB /* PBXContainerItemProxy */ = {
			isa = PBXContainerItemProxy;
			containerPortal = EC4881F91A83EFD300F495BB /* Project object */;
			proxyType = 1;
			remoteGlobalIDString = EC4882001A83EFD300F495BB;
			remoteInfo = "RottenTomatoes Client";
		};
/* End PBXContainerItemProxy section */

/* Begin PBXFileReference section */
		100A48D34F31B192A28B7B0D /* libPods.a */ = {isa = PBXFileReference; explicitFileType = archive.ar; includeInIndex = 0; path = libPods.a; sourceTree = BUILT_PRODUCTS_DIR; };
		75768521BE9A347D134135B8 /* Pods.debug.xcconfig */ = {isa = PBXFileReference; includeInIndex = 1; lastKnownFileType = text.xcconfig; name = Pods.debug.xcconfig; path = "Pods/Target Support Files/Pods/Pods.debug.xcconfig"; sourceTree = "<group>"; };
		A4504281598C90EDB76A3262 /* Pods.release.xcconfig */ = {isa = PBXFileReference; includeInIndex = 1; lastKnownFileType = text.xcconfig; name = Pods.release.xcconfig; path = "Pods/Target Support Files/Pods/Pods.release.xcconfig"; sourceTree = "<group>"; };
		EC1CCF331A8A8C8B00134B10 /* MovieDetailsViewController.h */ = {isa = PBXFileReference; fileEncoding = 4; lastKnownFileType = sourcecode.c.h; path = MovieDetailsViewController.h; sourceTree = "<group>"; };
		EC1CCF341A8A8C8B00134B10 /* MovieDetailsViewController.m */ = {isa = PBXFileReference; fileEncoding = 4; lastKnownFileType = sourcecode.c.objc; path = MovieDetailsViewController.m; sourceTree = "<group>"; };
		EC1CCF351A8A8C8B00134B10 /* MovieDetailsViewController.xib */ = {isa = PBXFileReference; fileEncoding = 4; lastKnownFileType = file.xib; path = MovieDetailsViewController.xib; sourceTree = "<group>"; };
		EC3DDA651A8AC19200E23E66 /* NetworkErrorView.xib */ = {isa = PBXFileReference; fileEncoding = 4; lastKnownFileType = file.xib; path = NetworkErrorView.xib; sourceTree = "<group>"; };
		EC4882011A83EFD400F495BB /* RottenTomatoes Client.app */ = {isa = PBXFileReference; explicitFileType = wrapper.application; includeInIndex = 0; path = "RottenTomatoes Client.app"; sourceTree = BUILT_PRODUCTS_DIR; };
		EC4882051A83EFD400F495BB /* Info.plist */ = {isa = PBXFileReference; lastKnownFileType = text.plist.xml; path = Info.plist; sourceTree = "<group>"; };
		EC4882061A83EFD400F495BB /* main.m */ = {isa = PBXFileReference; lastKnownFileType = sourcecode.c.objc; path = main.m; sourceTree = "<group>"; };
		EC4882081A83EFD400F495BB /* AppDelegate.h */ = {isa = PBXFileReference; lastKnownFileType = sourcecode.c.h; path = AppDelegate.h; sourceTree = "<group>"; };
		EC4882091A83EFD400F495BB /* AppDelegate.m */ = {isa = PBXFileReference; lastKnownFileType = sourcecode.c.objc; path = AppDelegate.m; sourceTree = "<group>"; };
		EC4882111A83EFD400F495BB /* Images.xcassets */ = {isa = PBXFileReference; lastKnownFileType = folder.assetcatalog; path = Images.xcassets; sourceTree = "<group>"; };
		EC4882141A83EFD400F495BB /* Base */ = {isa = PBXFileReference; lastKnownFileType = file.xib; name = Base; path = Base.lproj/LaunchScreen.xib; sourceTree = "<group>"; };
		EC48821A1A83EFD400F495BB /* RottenTomatoes ClientTests.xctest */ = {isa = PBXFileReference; explicitFileType = wrapper.cfbundle; includeInIndex = 0; path = "RottenTomatoes ClientTests.xctest"; sourceTree = BUILT_PRODUCTS_DIR; };
		EC48821F1A83EFD400F495BB /* Info.plist */ = {isa = PBXFileReference; lastKnownFileType = text.plist.xml; path = Info.plist; sourceTree = "<group>"; };
		EC4882201A83EFD400F495BB /* RottenTomatoes_ClientTests.m */ = {isa = PBXFileReference; lastKnownFileType = sourcecode.c.objc; path = RottenTomatoes_ClientTests.m; sourceTree = "<group>"; };
		EC48822A1A83F62C00F495BB /* PhotosViewController.h */ = {isa = PBXFileReference; fileEncoding = 4; lastKnownFileType = sourcecode.c.h; path = PhotosViewController.h; sourceTree = "<group>"; };
		EC48822B1A83F62C00F495BB /* PhotosViewController.m */ = {isa = PBXFileReference; fileEncoding = 4; lastKnownFileType = sourcecode.c.objc; path = PhotosViewController.m; sourceTree = "<group>"; };
		EC48822C1A83F62C00F495BB /* PhotosViewController.xib */ = {isa = PBXFileReference; fileEncoding = 4; lastKnownFileType = file.xib; path = PhotosViewController.xib; sourceTree = "<group>"; };
		EC48822F1A83F95600F495BB /* ImageTableViewCell.h */ = {isa = PBXFileReference; fileEncoding = 4; lastKnownFileType = sourcecode.c.h; path = ImageTableViewCell.h; sourceTree = "<group>"; };
		EC4882301A83F95600F495BB /* ImageTableViewCell.m */ = {isa = PBXFileReference; fileEncoding = 4; lastKnownFileType = sourcecode.c.objc; path = ImageTableViewCell.m; sourceTree = "<group>"; };
		EC4882311A83F95600F495BB /* ImageTableViewCell.xib */ = {isa = PBXFileReference; fileEncoding = 4; lastKnownFileType = file.xib; path = ImageTableViewCell.xib; sourceTree = "<group>"; };
/* End PBXFileReference section */

/* Begin PBXFrameworksBuildPhase section */
		EC4881FE1A83EFD300F495BB /* Frameworks */ = {
			isa = PBXFrameworksBuildPhase;
			buildActionMask = 2147483647;
			files = (
				0DAB01303609EE1F122C2AEC /* libPods.a in Frameworks */,
			);
			runOnlyForDeploymentPostprocessing = 0;
		};
		EC4882171A83EFD400F495BB /* Frameworks */ = {
			isa = PBXFrameworksBuildPhase;
			buildActionMask = 2147483647;
			files = (
			);
			runOnlyForDeploymentPostprocessing = 0;
		};
/* End PBXFrameworksBuildPhase section */

/* Begin PBXGroup section */
		71A6E6C1A4E41D176CB00D66 /* Pods */ = {
			isa = PBXGroup;
			children = (
				75768521BE9A347D134135B8 /* Pods.debug.xcconfig */,
				A4504281598C90EDB76A3262 /* Pods.release.xcconfig */,
			);
			name = Pods;
			sourceTree = "<group>";
		};
		BF854448F0BB882E8E129470 /* Frameworks */ = {
			isa = PBXGroup;
			children = (
				100A48D34F31B192A28B7B0D /* libPods.a */,
			);
			name = Frameworks;
			sourceTree = "<group>";
		};
		EC4881F81A83EFD300F495BB = {
			isa = PBXGroup;
			children = (
				EC4882031A83EFD400F495BB /* RottenTomatoes Client */,
				EC48821D1A83EFD400F495BB /* RottenTomatoes ClientTests */,
				EC4882021A83EFD400F495BB /* Products */,
				71A6E6C1A4E41D176CB00D66 /* Pods */,
				BF854448F0BB882E8E129470 /* Frameworks */,
			);
			sourceTree = "<group>";
		};
		EC4882021A83EFD400F495BB /* Products */ = {
			isa = PBXGroup;
			children = (
				EC4882011A83EFD400F495BB /* RottenTomatoes Client.app */,
				EC48821A1A83EFD400F495BB /* RottenTomatoes ClientTests.xctest */,
			);
			name = Products;
			sourceTree = "<group>";
		};
		EC4882031A83EFD400F495BB /* RottenTomatoes Client */ = {
			isa = PBXGroup;
			children = (
				EC4882081A83EFD400F495BB /* AppDelegate.h */,
				EC4882091A83EFD400F495BB /* AppDelegate.m */,
				EC8511A51A8AA16100B31AFE /* Table */,
				EC8511A31A8AA14F00B31AFE /* Cell */,
				EC8511A21A8AA14500B31AFE /* Detail */,
				EC4882111A83EFD400F495BB /* Images.xcassets */,
				EC4882131A83EFD400F495BB /* LaunchScreen.xib */,
				EC4882041A83EFD400F495BB /* Supporting Files */,
			);
			path = "RottenTomatoes Client";
			sourceTree = "<group>";
		};
		EC4882041A83EFD400F495BB /* Supporting Files */ = {
			isa = PBXGroup;
			children = (
				EC4882051A83EFD400F495BB /* Info.plist */,
				EC4882061A83EFD400F495BB /* main.m */,
			);
			name = "Supporting Files";
			sourceTree = "<group>";
		};
		EC48821D1A83EFD400F495BB /* RottenTomatoes ClientTests */ = {
			isa = PBXGroup;
			children = (
				EC4882201A83EFD400F495BB /* RottenTomatoes_ClientTests.m */,
				EC48821E1A83EFD400F495BB /* Supporting Files */,
			);
			path = "RottenTomatoes ClientTests";
			sourceTree = "<group>";
		};
		EC48821E1A83EFD400F495BB /* Supporting Files */ = {
			isa = PBXGroup;
			children = (
				EC48821F1A83EFD400F495BB /* Info.plist */,
			);
			name = "Supporting Files";
			sourceTree = "<group>";
		};
		EC8511A21A8AA14500B31AFE /* Detail */ = {
			isa = PBXGroup;
			children = (
				EC1CCF331A8A8C8B00134B10 /* MovieDetailsViewController.h */,
				EC1CCF341A8A8C8B00134B10 /* MovieDetailsViewController.m */,
				EC1CCF351A8A8C8B00134B10 /* MovieDetailsViewController.xib */,
			);
			name = Detail;
			sourceTree = "<group>";
		};
		EC8511A31A8AA14F00B31AFE /* Cell */ = {
			isa = PBXGroup;
			children = (
				EC48822F1A83F95600F495BB /* ImageTableViewCell.h */,
				EC4882301A83F95600F495BB /* ImageTableViewCell.m */,
				EC4882311A83F95600F495BB /* ImageTableViewCell.xib */,
			);
			name = Cell;
			sourceTree = "<group>";
		};
		EC8511A51A8AA16100B31AFE /* Table */ = {
			isa = PBXGroup;
			children = (
				EC48822A1A83F62C00F495BB /* PhotosViewController.h */,
				EC48822B1A83F62C00F495BB /* PhotosViewController.m */,
				EC48822C1A83F62C00F495BB /* PhotosViewController.xib */,
				EC3DDA651A8AC19200E23E66 /* NetworkErrorView.xib */,
			);
			name = Table;
			sourceTree = "<group>";
		};
/* End PBXGroup section */

/* Begin PBXNativeTarget section */
		EC4882001A83EFD300F495BB /* RottenTomatoes Client */ = {
			isa = PBXNativeTarget;
			buildConfigurationList = EC4882241A83EFD400F495BB /* Build configuration list for PBXNativeTarget "RottenTomatoes Client" */;
			buildPhases = (
				486AD00E94CD154BBE21EFA6 /* Check Pods Manifest.lock */,
				EC4881FD1A83EFD300F495BB /* Sources */,
				EC4881FE1A83EFD300F495BB /* Frameworks */,
				EC4881FF1A83EFD300F495BB /* Resources */,
				C078933F3F8F3B6CA64D2F1F /* Copy Pods Resources */,
			);
			buildRules = (
			);
			dependencies = (
			);
			name = "RottenTomatoes Client";
			productName = "RottenTomatoes Client";
			productReference = EC4882011A83EFD400F495BB /* RottenTomatoes Client.app */;
			productType = "com.apple.product-type.application";
		};
		EC4882191A83EFD400F495BB /* RottenTomatoes ClientTests */ = {
			isa = PBXNativeTarget;
			buildConfigurationList = EC4882271A83EFD400F495BB /* Build configuration list for PBXNativeTarget "RottenTomatoes ClientTests" */;
			buildPhases = (
				EC4882161A83EFD400F495BB /* Sources */,
				EC4882171A83EFD400F495BB /* Frameworks */,
				EC4882181A83EFD400F495BB /* Resources */,
			);
			buildRules = (
			);
			dependencies = (
				EC48821C1A83EFD400F495BB /* PBXTargetDependency */,
			);
			name = "RottenTomatoes ClientTests";
			productName = "RottenTomatoes ClientTests";
			productReference = EC48821A1A83EFD400F495BB /* RottenTomatoes ClientTests.xctest */;
			productType = "com.apple.product-type.bundle.unit-test";
		};
/* End PBXNativeTarget section */

/* Begin PBXProject section */
		EC4881F91A83EFD300F495BB /* Project object */ = {
			isa = PBXProject;
			attributes = {
				LastUpgradeCheck = 0610;
				ORGANIZATIONNAME = codepath;
				TargetAttributes = {
					EC4882001A83EFD300F495BB = {
						CreatedOnToolsVersion = 6.1.1;
					};
					EC4882191A83EFD400F495BB = {
						CreatedOnToolsVersion = 6.1.1;
						TestTargetID = EC4882001A83EFD300F495BB;
					};
				};
			};
			buildConfigurationList = EC4881FC1A83EFD300F495BB /* Build configuration list for PBXProject "RottenTomatoes Client" */;
			compatibilityVersion = "Xcode 3.2";
			developmentRegion = English;
			hasScannedForEncodings = 0;
			knownRegions = (
				en,
				Base,
			);
			mainGroup = EC4881F81A83EFD300F495BB;
			productRefGroup = EC4882021A83EFD400F495BB /* Products */;
			projectDirPath = "";
			projectRoot = "";
			targets = (
				EC4882001A83EFD300F495BB /* RottenTomatoes Client */,
				EC4882191A83EFD400F495BB /* RottenTomatoes ClientTests */,
			);
		};
/* End PBXProject section */

/* Begin PBXResourcesBuildPhase section */
		EC4881FF1A83EFD300F495BB /* Resources */ = {
			isa = PBXResourcesBuildPhase;
			buildActionMask = 2147483647;
			files = (
				EC48822E1A83F62C00F495BB /* PhotosViewController.xib in Resources */,
				EC4882331A83F95600F495BB /* ImageTableViewCell.xib in Resources */,
				EC3DDA661A8AC19200E23E66 /* NetworkErrorView.xib in Resources */,
				EC4882151A83EFD400F495BB /* LaunchScreen.xib in Resources */,
				EC4882121A83EFD400F495BB /* Images.xcassets in Resources */,
				EC1CCF371A8A8C8B00134B10 /* MovieDetailsViewController.xib in Resources */,
			);
			runOnlyForDeploymentPostprocessing = 0;
		};
		EC4882181A83EFD400F495BB /* Resources */ = {
			isa = PBXResourcesBuildPhase;
			buildActionMask = 2147483647;
			files = (
			);
			runOnlyForDeploymentPostprocessing = 0;
		};
/* End PBXResourcesBuildPhase section */

/* Begin PBXShellScriptBuildPhase section */
		486AD00E94CD154BBE21EFA6 /* Check Pods Manifest.lock */ = {
			isa = PBXShellScriptBuildPhase;
			buildActionMask = 2147483647;
			files = (
			);
			inputPaths = (
			);
			name = "Check Pods Manifest.lock";
			outputPaths = (
			);
			runOnlyForDeploymentPostprocessing = 0;
			shellPath = /bin/sh;
			shellScript = "diff \"${PODS_ROOT}/../Podfile.lock\" \"${PODS_ROOT}/Manifest.lock\" > /dev/null\nif [[ $? != 0 ]] ; then\n    cat << EOM\nerror: The sandbox is not in sync with the Podfile.lock. Run 'pod install' or update your CocoaPods installation.\nEOM\n    exit 1\nfi\n";
			showEnvVarsInLog = 0;
		};
		C078933F3F8F3B6CA64D2F1F /* Copy Pods Resources */ = {
			isa = PBXShellScriptBuildPhase;
			buildActionMask = 2147483647;
			files = (
			);
			inputPaths = (
			);
			name = "Copy Pods Resources";
			outputPaths = (
			);
			runOnlyForDeploymentPostprocessing = 0;
			shellPath = /bin/sh;
			shellScript = "\"${SRCROOT}/Pods/Target Support Files/Pods/Pods-resources.sh\"\n";
			showEnvVarsInLog = 0;
		};
/* End PBXShellScriptBuildPhase section */

/* Begin PBXSourcesBuildPhase section */
		EC4881FD1A83EFD300F495BB /* Sources */ = {
			isa = PBXSourcesBuildPhase;
			buildActionMask = 2147483647;
			files = (
				EC1CCF361A8A8C8B00134B10 /* MovieDetailsViewController.m in Sources */,
				EC48820A1A83EFD400F495BB /* AppDelegate.m in Sources */,
				EC4882321A83F95600F495BB /* ImageTableViewCell.m in Sources */,
				EC48822D1A83F62C00F495BB /* PhotosViewController.m in Sources */,
				EC4882071A83EFD400F495BB /* main.m in Sources */,
			);
			runOnlyForDeploymentPostprocessing = 0;
		};
		EC4882161A83EFD400F495BB /* Sources */ = {
			isa = PBXSourcesBuildPhase;
			buildActionMask = 2147483647;
			files = (
				EC4882211A83EFD400F495BB /* RottenTomatoes_ClientTests.m in Sources */,
			);
			runOnlyForDeploymentPostprocessing = 0;
		};
/* End PBXSourcesBuildPhase section */

/* Begin PBXTargetDependency section */
		EC48821C1A83EFD400F495BB /* PBXTargetDependency */ = {
			isa = PBXTargetDependency;
			target = EC4882001A83EFD300F495BB /* RottenTomatoes Client */;
			targetProxy = EC48821B1A83EFD400F495BB /* PBXContainerItemProxy */;
		};
/* End PBXTargetDependency section */

/* Begin PBXVariantGroup section */
		EC4882131A83EFD400F495BB /* LaunchScreen.xib */ = {
			isa = PBXVariantGroup;
			children = (
				EC4882141A83EFD400F495BB /* Base */,
			);
			name = LaunchScreen.xib;
			sourceTree = "<group>";
		};
/* End PBXVariantGroup section */

/* Begin XCBuildConfiguration section */
		EC4882221A83EFD400F495BB /* Debug */ = {
			isa = XCBuildConfiguration;
			buildSettings = {
				ALWAYS_SEARCH_USER_PATHS = NO;
				CLANG_CXX_LANGUAGE_STANDARD = "gnu++0x";
				CLANG_CXX_LIBRARY = "libc++";
				CLANG_ENABLE_MODULES = YES;
				CLANG_ENABLE_OBJC_ARC = YES;
				CLANG_WARN_BOOL_CONVERSION = YES;
				CLANG_WARN_CONSTANT_CONVERSION = YES;
				CLANG_WARN_DIRECT_OBJC_ISA_USAGE = YES_ERROR;
				CLANG_WARN_EMPTY_BODY = YES;
				CLANG_WARN_ENUM_CONVERSION = YES;
				CLANG_WARN_INT_CONVERSION = YES;
				CLANG_WARN_OBJC_ROOT_CLASS = YES_ERROR;
				CLANG_WARN_UNREACHABLE_CODE = YES;
				CLANG_WARN__DUPLICATE_METHOD_MATCH = YES;
				"CODE_SIGN_IDENTITY[sdk=iphoneos*]" = "iPhone Developer";
				COPY_PHASE_STRIP = NO;
				ENABLE_STRICT_OBJC_MSGSEND = YES;
				GCC_C_LANGUAGE_STANDARD = gnu99;
				GCC_DYNAMIC_NO_PIC = NO;
				GCC_OPTIMIZATION_LEVEL = 0;
				GCC_PREPROCESSOR_DEFINITIONS = (
					"DEBUG=1",
					"$(inherited)",
				);
				GCC_SYMBOLS_PRIVATE_EXTERN = NO;
				GCC_WARN_64_TO_32_BIT_CONVERSION = YES;
				GCC_WARN_ABOUT_RETURN_TYPE = YES_ERROR;
				GCC_WARN_UNDECLARED_SELECTOR = YES;
				GCC_WARN_UNINITIALIZED_AUTOS = YES_AGGRESSIVE;
				GCC_WARN_UNUSED_FUNCTION = YES;
				GCC_WARN_UNUSED_VARIABLE = YES;
				IPHONEOS_DEPLOYMENT_TARGET = 8.1;
				MTL_ENABLE_DEBUG_INFO = YES;
				ONLY_ACTIVE_ARCH = YES;
				SDKROOT = iphoneos;
			};
			name = Debug;
		};
		EC4882231A83EFD400F495BB /* Release */ = {
			isa = XCBuildConfiguration;
			buildSettings = {
				ALWAYS_SEARCH_USER_PATHS = NO;
				CLANG_CXX_LANGUAGE_STANDARD = "gnu++0x";
				CLANG_CXX_LIBRARY = "libc++";
				CLANG_ENABLE_MODULES = YES;
				CLANG_ENABLE_OBJC_ARC = YES;
				CLANG_WARN_BOOL_CONVERSION = YES;
				CLANG_WARN_CONSTANT_CONVERSION = YES;
				CLANG_WARN_DIRECT_OBJC_ISA_USAGE = YES_ERROR;
				CLANG_WARN_EMPTY_BODY = YES;
				CLANG_WARN_ENUM_CONVERSION = YES;
				CLANG_WARN_INT_CONVERSION = YES;
				CLANG_WARN_OBJC_ROOT_CLASS = YES_ERROR;
				CLANG_WARN_UNREACHABLE_CODE = YES;
				CLANG_WARN__DUPLICATE_METHOD_MATCH = YES;
				"CODE_SIGN_IDENTITY[sdk=iphoneos*]" = "iPhone Developer";
				COPY_PHASE_STRIP = YES;
				ENABLE_NS_ASSERTIONS = NO;
				ENABLE_STRICT_OBJC_MSGSEND = YES;
				GCC_C_LANGUAGE_STANDARD = gnu99;
				GCC_WARN_64_TO_32_BIT_CONVERSION = YES;
				GCC_WARN_ABOUT_RETURN_TYPE = YES_ERROR;
				GCC_WARN_UNDECLARED_SELECTOR = YES;
				GCC_WARN_UNINITIALIZED_AUTOS = YES_AGGRESSIVE;
				GCC_WARN_UNUSED_FUNCTION = YES;
				GCC_WARN_UNUSED_VARIABLE = YES;
				IPHONEOS_DEPLOYMENT_TARGET = 8.1;
				MTL_ENABLE_DEBUG_INFO = NO;
				SDKROOT = iphoneos;
				VALIDATE_PRODUCT = YES;
			};
			name = Release;
		};
		EC4882251A83EFD400F495BB /* Debug */ = {
			isa = XCBuildConfiguration;
			baseConfigurationReference = 75768521BE9A347D134135B8 /* Pods.debug.xcconfig */;
			buildSettings = {
				ASSETCATALOG_COMPILER_APPICON_NAME = AppIcon;
				INFOPLIST_FILE = "RottenTomatoes Client/Info.plist";
				LD_RUNPATH_SEARCH_PATHS = "$(inherited) @executable_path/Frameworks";
				PRODUCT_NAME = "$(TARGET_NAME)";
			};
			name = Debug;
		};
		EC4882261A83EFD400F495BB /* Release */ = {
			isa = XCBuildConfiguration;
			baseConfigurationReference = A4504281598C90EDB76A3262 /* Pods.release.xcconfig */;
			buildSettings = {
				ASSETCATALOG_COMPILER_APPICON_NAME = AppIcon;
				INFOPLIST_FILE = "RottenTomatoes Client/Info.plist";
				LD_RUNPATH_SEARCH_PATHS = "$(inherited) @executable_path/Frameworks";
				PRODUCT_NAME = "$(TARGET_NAME)";
			};
			name = Release;
		};
		EC4882281A83EFD400F495BB /* Debug */ = {
			isa = XCBuildConfiguration;
			buildSettings = {
				BUNDLE_LOADER = "$(TEST_HOST)";
				FRAMEWORK_SEARCH_PATHS = (
					"$(SDKROOT)/Developer/Library/Frameworks",
					"$(inherited)",
				);
				GCC_PREPROCESSOR_DEFINITIONS = (
					"DEBUG=1",
					"$(inherited)",
				);
				INFOPLIST_FILE = "RottenTomatoes ClientTests/Info.plist";
				LD_RUNPATH_SEARCH_PATHS = "$(inherited) @executable_path/Frameworks @loader_path/Frameworks";
				PRODUCT_NAME = "$(TARGET_NAME)";
				TEST_HOST = "$(BUILT_PRODUCTS_DIR)/RottenTomatoes Client.app/RottenTomatoes Client";
			};
			name = Debug;
		};
		EC4882291A83EFD400F495BB /* Release */ = {
			isa = XCBuildConfiguration;
			buildSettings = {
				BUNDLE_LOADER = "$(TEST_HOST)";
				FRAMEWORK_SEARCH_PATHS = (
					"$(SDKROOT)/Developer/Library/Frameworks",
					"$(inherited)",
				);
				INFOPLIST_FILE = "RottenTomatoes ClientTests/Info.plist";
				LD_RUNPATH_SEARCH_PATHS = "$(inherited) @executable_path/Frameworks @loader_path/Frameworks";
				PRODUCT_NAME = "$(TARGET_NAME)";
				TEST_HOST = "$(BUILT_PRODUCTS_DIR)/RottenTomatoes Client.app/RottenTomatoes Client";
			};
			name = Release;
		};
/* End XCBuildConfiguration section */

/* Begin XCConfigurationList section */
		EC4881FC1A83EFD300F495BB /* Build configuration list for PBXProject "RottenTomatoes Client" */ = {
			isa = XCConfigurationList;
			buildConfigurations = (
				EC4882221A83EFD400F495BB /* Debug */,
				EC4882231A83EFD400F495BB /* Release */,
			);
			defaultConfigurationIsVisible = 0;
			defaultConfigurationName = Release;
		};
		EC4882241A83EFD400F495BB /* Build configuration list for PBXNativeTarget "RottenTomatoes Client" */ = {
			isa = XCConfigurationList;
			buildConfigurations = (
				EC4882251A83EFD400F495BB /* Debug */,
				EC4882261A83EFD400F495BB /* Release */,
			);
			defaultConfigurationIsVisible = 0;
			defaultConfigurationName = Release;
		};
		EC4882271A83EFD400F495BB /* Build configuration list for PBXNativeTarget "RottenTomatoes ClientTests" */ = {
			isa = XCConfigurationList;
			buildConfigurations = (
				EC4882281A83EFD400F495BB /* Debug */,
				EC4882291A83EFD400F495BB /* Release */,
			);
			defaultConfigurationIsVisible = 0;
			defaultConfigurationName = Release;
		};
/* End XCConfigurationList section */
	};
	rootObject = EC4881F91A83EFD300F495BB /* Project object */;
}
